
Microsoft Visual Studio Solution File, Format Version 12.00
Project("{2150E333-8FDC-42A3-9474-1A3956D46DE8}") = "src", "src", "{3A8B6812-B42A-4F1B-962F-E4C2696A6F46}"
EndProject
Project("{2150E333-8FDC-42A3-9474-1A3956D46DE8}") = "tests", "tests", "{ABD7D257-AE9C-4DCB-9224-80938748474C}"
EndProject
Project("{FAE04EC0-301F-11D3-BF4B-00C04F79EFBC}") = "Lab1", "src\Lab1\Lab1.csproj", "{25EFCB64-8B06-4F6A-BBFD-9F713438637F}"
EndProject
Project("{FAE04EC0-301F-11D3-BF4B-00C04F79EFBC}") = "Lab2", "src\Lab2\Lab2.csproj", "{7392F3A8-8E4F-4353-9023-51F0DCF56416}"
EndProject
Project("{FAE04EC0-301F-11D3-BF4B-00C04F79EFBC}") = "Lab3", "src\Lab3\Lab3.csproj", "{9CC87A20-A988-4109-B1B4-AF1E8C634110}"
EndProject
Project("{FAE04EC0-301F-11D3-BF4B-00C04F79EFBC}") = "Lab4", "src\Lab4\Lab4.csproj", "{00526AC5-5908-441E-ADA5-2E8BBC91919F}"
EndProject
Project("{FAE04EC0-301F-11D3-BF4B-00C04F79EFBC}") = "Lab1.Tests", "tests\Lab1.Tests\Lab1.Tests.csproj", "{FAE8F20B-EB2D-4E9F-A9C9-69761E5B4604}"
EndProject
Project("{FAE04EC0-301F-11D3-BF4B-00C04F79EFBC}") = "Lab2.Tests", "tests\Lab2.Tests\Lab2.Tests.csproj", "{7D2B8E68-304A-4946-987E-4F29F0FCC3A4}"
EndProject
Project("{FAE04EC0-301F-11D3-BF4B-00C04F79EFBC}") = "Lab3.Tests", "tests\Lab3.Tests\Lab3.Tests.csproj", "{3A3ABC1F-44EE-41D7-B0F1-F0D962E5746B}"
EndProject
Project("{FAE04EC0-301F-11D3-BF4B-00C04F79EFBC}") = "Lab4.Tests", "tests\Lab4.Tests\Lab4.Tests.csproj", "{2BC795FD-9FAC-419E-A8A5-4C432451CBD1}"
EndProject
Project("{FAE04EC0-301F-11D3-BF4B-00C04F79EFBC}") = "Lab5.Tests", "tests\Lab5.Tests\Lab5.Tests.csproj", "{6B113055-EABD-4475-9A6B-C54320ED1F26}"
EndProject
Project("{2150E333-8FDC-42A3-9474-1A3956D46DE8}") = "common", "common", "{3DB12F6C-143E-4086-BCB2-2EC3461BC353}"
	ProjectSection(SolutionItems) = preProject
		Directory.Packages.props = Directory.Packages.props
		Directory.Build.props = Directory.Build.props
		.gitignore = .gitignore
		.editorconfig = .editorconfig
	EndProjectSection
EndProject
Project("{2150E333-8FDC-42A3-9474-1A3956D46DE8}") = "Lab5", "Lab5", "{AC119EF1-EE87-492F-AA46-92E350BD322D}"
EndProject
Project("{2150E333-8FDC-42A3-9474-1A3956D46DE8}") = "Lab5.Application", "Lab5.Application", "{5CD82375-45A8-41FA-A7D6-B2510A8A0ED6}"
EndProject
Project("{2150E333-8FDC-42A3-9474-1A3956D46DE8}") = "Lab5.Core", "Lab5.Core", "{E5E168C6-6DDA-4EAA-B0A5-C3A827582699}"
EndProject
Project("{2150E333-8FDC-42A3-9474-1A3956D46DE8}") = "Lab5.Infrastructure", "Lab5.Infrastructure", "{71A146EF-8A68-4812-B814-7B251EB8A46C}"
EndProject
Project("{2150E333-8FDC-42A3-9474-1A3956D46DE8}") = "Lab5.Interface", "Lab5.Interface", "{C0F3A97F-ACF7-4C16-836E-08A89B9B588F}"
EndProject
Project("{FAE04EC0-301F-11D3-BF4B-00C04F79EFBC}") = "Users", "src\Lab5\Core\Users\Users.csproj", "{D94FB015-B6F4-4258-9CF1-DE10CFBB34AA}"
EndProject
Project("{FAE04EC0-301F-11D3-BF4B-00C04F79EFBC}") = "ResultTypes", "src\Lab5\Core\ResultTypes\ResultTypes.csproj", "{C324943F-8924-4CE1-9F78-553B1415BD8D}"
EndProject
Project("{FAE04EC0-301F-11D3-BF4B-00C04F79EFBC}") = "Services", "src\Lab5\Services\Services.csproj", "{5FAFD317-C932-4EA0-B7C6-4240E9B57744}"
EndProject
Project("{FAE04EC0-301F-11D3-BF4B-00C04F79EFBC}") = "CommandDispatcher", "src\Lab5\CommandDispatcher\CommandDispatcher.csproj", "{F9ECC556-2724-4159-BA29-70E78A696811}"
EndProject
Project("{FAE04EC0-301F-11D3-BF4B-00C04F79EFBC}") = "Commands", "src\Lab5\Commands\Commands.csproj", "{D8C81AD2-3B00-4C4B-B3EF-BD6BFE1EBF78}"
EndProject
Project("{FAE04EC0-301F-11D3-BF4B-00C04F79EFBC}") = "DispatchHandlers", "src\Lab5\DispatchHandlers\DispatchHandlers.csproj", "{21737297-E49D-47D8-85B4-E83FE2357D87}"
EndProject
Project("{FAE04EC0-301F-11D3-BF4B-00C04F79EFBC}") = "Scenarios", "src\Lab5\Scenarios\Scenarios.csproj", "{5CCFC69A-1F0C-4D6C-B832-CC09B2236ADC}"
EndProject
Project("{FAE04EC0-301F-11D3-BF4B-00C04F79EFBC}") = "Repositories", "src\Lab5\Repositories\Repositories.csproj", "{0DC0FA16-50B3-491E-A7B2-45A416D1170C}"
EndProject
Project("{2150E333-8FDC-42A3-9474-1A3956D46DE8}") = "docker", "docker", "{E04B7120-ECE7-45ED-9500-357A4D1BBEB1}"
	ProjectSection(SolutionItems) = preProject
		src\Lab5\docker\.env = src\Lab5\docker\.env
		src\Lab5\docker\docker-compose.yaml = src\Lab5\docker\docker-compose.yaml
	EndProjectSection
EndProject
Project("{FAE04EC0-301F-11D3-BF4B-00C04F79EFBC}") = "Migrations", "src\Lab5\Migrations\Migrations.csproj", "{E8932C55-3B58-4EFB-B1C1-53424891AD51}"
EndProject
Project("{FAE04EC0-301F-11D3-BF4B-00C04F79EFBC}") = "Extensions", "src\Lab5\Extensions\Extensions.csproj", "{84622773-7B03-4AA5-99C3-E2FA133E40AA}"
EndProject
Project("{FAE04EC0-301F-11D3-BF4B-00C04F79EFBC}") = "Runner", "src\Lab5\Lab5.Interface\Runner\Runner.csproj", "{EE6711BD-F7E6-422E-8307-497033D12ACC}"
EndProject
Project("{2150E333-8FDC-42A3-9474-1A3956D46DE8}") = "Lab-5", "Lab-5", "{C48E019E-E833-4E7B-9EF2-88DA55D6C19A}"
EndProject
Project("{FAE04EC0-301F-11D3-BF4B-00C04F79EFBC}") = "Program", "src\Lab5\Lab-5\Program\Program.csproj", "{71BC05FD-6CDA-4658-9B6F-EB16DAE168FB}"
EndProject
Global
	GlobalSection(SolutionConfigurationPlatforms) = preSolution
		Debug|Any CPU = Debug|Any CPU
		Release|Any CPU = Release|Any CPU
	EndGlobalSection
	GlobalSection(NestedProjects) = preSolution
		{25EFCB64-8B06-4F6A-BBFD-9F713438637F} = {3A8B6812-B42A-4F1B-962F-E4C2696A6F46}
		{7392F3A8-8E4F-4353-9023-51F0DCF56416} = {3A8B6812-B42A-4F1B-962F-E4C2696A6F46}
		{9CC87A20-A988-4109-B1B4-AF1E8C634110} = {3A8B6812-B42A-4F1B-962F-E4C2696A6F46}
		{00526AC5-5908-441E-ADA5-2E8BBC91919F} = {3A8B6812-B42A-4F1B-962F-E4C2696A6F46}
		{FAE8F20B-EB2D-4E9F-A9C9-69761E5B4604} = {ABD7D257-AE9C-4DCB-9224-80938748474C}
		{7D2B8E68-304A-4946-987E-4F29F0FCC3A4} = {ABD7D257-AE9C-4DCB-9224-80938748474C}
		{3A3ABC1F-44EE-41D7-B0F1-F0D962E5746B} = {ABD7D257-AE9C-4DCB-9224-80938748474C}
		{2BC795FD-9FAC-419E-A8A5-4C432451CBD1} = {ABD7D257-AE9C-4DCB-9224-80938748474C}
		{6B113055-EABD-4475-9A6B-C54320ED1F26} = {ABD7D257-AE9C-4DCB-9224-80938748474C}
		{AC119EF1-EE87-492F-AA46-92E350BD322D} = {3A8B6812-B42A-4F1B-962F-E4C2696A6F46}
		{5CD82375-45A8-41FA-A7D6-B2510A8A0ED6} = {AC119EF1-EE87-492F-AA46-92E350BD322D}
		{E5E168C6-6DDA-4EAA-B0A5-C3A827582699} = {AC119EF1-EE87-492F-AA46-92E350BD322D}
		{71A146EF-8A68-4812-B814-7B251EB8A46C} = {AC119EF1-EE87-492F-AA46-92E350BD322D}
		{C0F3A97F-ACF7-4C16-836E-08A89B9B588F} = {AC119EF1-EE87-492F-AA46-92E350BD322D}
		{D94FB015-B6F4-4258-9CF1-DE10CFBB34AA} = {E5E168C6-6DDA-4EAA-B0A5-C3A827582699}
		{C324943F-8924-4CE1-9F78-553B1415BD8D} = {E5E168C6-6DDA-4EAA-B0A5-C3A827582699}
		{5FAFD317-C932-4EA0-B7C6-4240E9B57744} = {5CD82375-45A8-41FA-A7D6-B2510A8A0ED6}
		{F9ECC556-2724-4159-BA29-70E78A696811} = {5CD82375-45A8-41FA-A7D6-B2510A8A0ED6}
		{D8C81AD2-3B00-4C4B-B3EF-BD6BFE1EBF78} = {5CD82375-45A8-41FA-A7D6-B2510A8A0ED6}
		{21737297-E49D-47D8-85B4-E83FE2357D87} = {5CD82375-45A8-41FA-A7D6-B2510A8A0ED6}
		{5CCFC69A-1F0C-4D6C-B832-CC09B2236ADC} = {C0F3A97F-ACF7-4C16-836E-08A89B9B588F}
		{0DC0FA16-50B3-491E-A7B2-45A416D1170C} = {71A146EF-8A68-4812-B814-7B251EB8A46C}
		{E04B7120-ECE7-45ED-9500-357A4D1BBEB1} = {AC119EF1-EE87-492F-AA46-92E350BD322D}
		{E8932C55-3B58-4EFB-B1C1-53424891AD51} = {71A146EF-8A68-4812-B814-7B251EB8A46C}
		{EE6711BD-F7E6-422E-8307-497033D12ACC} = {C0F3A97F-ACF7-4C16-836E-08A89B9B588F}
		{C48E019E-E833-4E7B-9EF2-88DA55D6C19A} = {AC119EF1-EE87-492F-AA46-92E350BD322D}
		{71BC05FD-6CDA-4658-9B6F-EB16DAE168FB} = {C48E019E-E833-4E7B-9EF2-88DA55D6C19A}
		{84622773-7B03-4AA5-99C3-E2FA133E40AA} = {AC119EF1-EE87-492F-AA46-92E350BD322D}
	EndGlobalSection
	GlobalSection(ProjectConfigurationPlatforms) = postSolution
		{25EFCB64-8B06-4F6A-BBFD-9F713438637F}.Debug|Any CPU.ActiveCfg = Debug|Any CPU
		{25EFCB64-8B06-4F6A-BBFD-9F713438637F}.Debug|Any CPU.Build.0 = Debug|Any CPU
		{25EFCB64-8B06-4F6A-BBFD-9F713438637F}.Release|Any CPU.ActiveCfg = Release|Any CPU
		{25EFCB64-8B06-4F6A-BBFD-9F713438637F}.Release|Any CPU.Build.0 = Release|Any CPU
		{7392F3A8-8E4F-4353-9023-51F0DCF56416}.Debug|Any CPU.ActiveCfg = Debug|Any CPU
		{7392F3A8-8E4F-4353-9023-51F0DCF56416}.Debug|Any CPU.Build.0 = Debug|Any CPU
		{7392F3A8-8E4F-4353-9023-51F0DCF56416}.Release|Any CPU.ActiveCfg = Release|Any CPU
		{7392F3A8-8E4F-4353-9023-51F0DCF56416}.Release|Any CPU.Build.0 = Release|Any CPU
		{9CC87A20-A988-4109-B1B4-AF1E8C634110}.Debug|Any CPU.ActiveCfg = Debug|Any CPU
		{9CC87A20-A988-4109-B1B4-AF1E8C634110}.Debug|Any CPU.Build.0 = Debug|Any CPU
		{9CC87A20-A988-4109-B1B4-AF1E8C634110}.Release|Any CPU.ActiveCfg = Release|Any CPU
		{9CC87A20-A988-4109-B1B4-AF1E8C634110}.Release|Any CPU.Build.0 = Release|Any CPU
		{00526AC5-5908-441E-ADA5-2E8BBC91919F}.Debug|Any CPU.ActiveCfg = Debug|Any CPU
		{00526AC5-5908-441E-ADA5-2E8BBC91919F}.Debug|Any CPU.Build.0 = Debug|Any CPU
		{00526AC5-5908-441E-ADA5-2E8BBC91919F}.Release|Any CPU.ActiveCfg = Release|Any CPU
		{00526AC5-5908-441E-ADA5-2E8BBC91919F}.Release|Any CPU.Build.0 = Release|Any CPU
		{FAE8F20B-EB2D-4E9F-A9C9-69761E5B4604}.Debug|Any CPU.ActiveCfg = Debug|Any CPU
		{FAE8F20B-EB2D-4E9F-A9C9-69761E5B4604}.Debug|Any CPU.Build.0 = Debug|Any CPU
		{FAE8F20B-EB2D-4E9F-A9C9-69761E5B4604}.Release|Any CPU.ActiveCfg = Release|Any CPU
		{FAE8F20B-EB2D-4E9F-A9C9-69761E5B4604}.Release|Any CPU.Build.0 = Release|Any CPU
		{7D2B8E68-304A-4946-987E-4F29F0FCC3A4}.Debug|Any CPU.ActiveCfg = Debug|Any CPU
		{7D2B8E68-304A-4946-987E-4F29F0FCC3A4}.Debug|Any CPU.Build.0 = Debug|Any CPU
		{7D2B8E68-304A-4946-987E-4F29F0FCC3A4}.Release|Any CPU.ActiveCfg = Release|Any CPU
		{7D2B8E68-304A-4946-987E-4F29F0FCC3A4}.Release|Any CPU.Build.0 = Release|Any CPU
		{3A3ABC1F-44EE-41D7-B0F1-F0D962E5746B}.Debug|Any CPU.ActiveCfg = Debug|Any CPU
		{3A3ABC1F-44EE-41D7-B0F1-F0D962E5746B}.Debug|Any CPU.Build.0 = Debug|Any CPU
		{3A3ABC1F-44EE-41D7-B0F1-F0D962E5746B}.Release|Any CPU.ActiveCfg = Release|Any CPU
		{3A3ABC1F-44EE-41D7-B0F1-F0D962E5746B}.Release|Any CPU.Build.0 = Release|Any CPU
		{2BC795FD-9FAC-419E-A8A5-4C432451CBD1}.Debug|Any CPU.ActiveCfg = Debug|Any CPU
		{2BC795FD-9FAC-419E-A8A5-4C432451CBD1}.Debug|Any CPU.Build.0 = Debug|Any CPU
		{2BC795FD-9FAC-419E-A8A5-4C432451CBD1}.Release|Any CPU.ActiveCfg = Release|Any CPU
		{2BC795FD-9FAC-419E-A8A5-4C432451CBD1}.Release|Any CPU.Build.0 = Release|Any CPU
		{6B113055-EABD-4475-9A6B-C54320ED1F26}.Debug|Any CPU.ActiveCfg = Debug|Any CPU
		{6B113055-EABD-4475-9A6B-C54320ED1F26}.Debug|Any CPU.Build.0 = Debug|Any CPU
		{6B113055-EABD-4475-9A6B-C54320ED1F26}.Release|Any CPU.ActiveCfg = Release|Any CPU
		{6B113055-EABD-4475-9A6B-C54320ED1F26}.Release|Any CPU.Build.0 = Release|Any CPU
		{D94FB015-B6F4-4258-9CF1-DE10CFBB34AA}.Debug|Any CPU.ActiveCfg = Debug|Any CPU
		{D94FB015-B6F4-4258-9CF1-DE10CFBB34AA}.Debug|Any CPU.Build.0 = Debug|Any CPU
		{D94FB015-B6F4-4258-9CF1-DE10CFBB34AA}.Release|Any CPU.ActiveCfg = Release|Any CPU
		{D94FB015-B6F4-4258-9CF1-DE10CFBB34AA}.Release|Any CPU.Build.0 = Release|Any CPU
		{C324943F-8924-4CE1-9F78-553B1415BD8D}.Debug|Any CPU.ActiveCfg = Debug|Any CPU
		{C324943F-8924-4CE1-9F78-553B1415BD8D}.Debug|Any CPU.Build.0 = Debug|Any CPU
		{C324943F-8924-4CE1-9F78-553B1415BD8D}.Release|Any CPU.ActiveCfg = Release|Any CPU
		{C324943F-8924-4CE1-9F78-553B1415BD8D}.Release|Any CPU.Build.0 = Release|Any CPU
		{5FAFD317-C932-4EA0-B7C6-4240E9B57744}.Debug|Any CPU.ActiveCfg = Debug|Any CPU
		{5FAFD317-C932-4EA0-B7C6-4240E9B57744}.Debug|Any CPU.Build.0 = Debug|Any CPU
		{5FAFD317-C932-4EA0-B7C6-4240E9B57744}.Release|Any CPU.ActiveCfg = Release|Any CPU
		{5FAFD317-C932-4EA0-B7C6-4240E9B57744}.Release|Any CPU.Build.0 = Release|Any CPU
		{F9ECC556-2724-4159-BA29-70E78A696811}.Debug|Any CPU.ActiveCfg = Debug|Any CPU
		{F9ECC556-2724-4159-BA29-70E78A696811}.Debug|Any CPU.Build.0 = Debug|Any CPU
		{F9ECC556-2724-4159-BA29-70E78A696811}.Release|Any CPU.ActiveCfg = Release|Any CPU
		{F9ECC556-2724-4159-BA29-70E78A696811}.Release|Any CPU.Build.0 = Release|Any CPU
		{D8C81AD2-3B00-4C4B-B3EF-BD6BFE1EBF78}.Debug|Any CPU.ActiveCfg = Debug|Any CPU
		{D8C81AD2-3B00-4C4B-B3EF-BD6BFE1EBF78}.Debug|Any CPU.Build.0 = Debug|Any CPU
		{D8C81AD2-3B00-4C4B-B3EF-BD6BFE1EBF78}.Release|Any CPU.ActiveCfg = Release|Any CPU
		{D8C81AD2-3B00-4C4B-B3EF-BD6BFE1EBF78}.Release|Any CPU.Build.0 = Release|Any CPU
		{21737297-E49D-47D8-85B4-E83FE2357D87}.Debug|Any CPU.ActiveCfg = Debug|Any CPU
		{21737297-E49D-47D8-85B4-E83FE2357D87}.Debug|Any CPU.Build.0 = Debug|Any CPU
		{21737297-E49D-47D8-85B4-E83FE2357D87}.Release|Any CPU.ActiveCfg = Release|Any CPU
		{21737297-E49D-47D8-85B4-E83FE2357D87}.Release|Any CPU.Build.0 = Release|Any CPU
		{5CCFC69A-1F0C-4D6C-B832-CC09B2236ADC}.Debug|Any CPU.ActiveCfg = Debug|Any CPU
		{5CCFC69A-1F0C-4D6C-B832-CC09B2236ADC}.Debug|Any CPU.Build.0 = Debug|Any CPU
		{5CCFC69A-1F0C-4D6C-B832-CC09B2236ADC}.Release|Any CPU.ActiveCfg = Release|Any CPU
		{5CCFC69A-1F0C-4D6C-B832-CC09B2236ADC}.Release|Any CPU.Build.0 = Release|Any CPU
		{0DC0FA16-50B3-491E-A7B2-45A416D1170C}.Debug|Any CPU.ActiveCfg = Debug|Any CPU
		{0DC0FA16-50B3-491E-A7B2-45A416D1170C}.Debug|Any CPU.Build.0 = Debug|Any CPU
		{0DC0FA16-50B3-491E-A7B2-45A416D1170C}.Release|Any CPU.ActiveCfg = Release|Any CPU
		{0DC0FA16-50B3-491E-A7B2-45A416D1170C}.Release|Any CPU.Build.0 = Release|Any CPU
		{E8932C55-3B58-4EFB-B1C1-53424891AD51}.Debug|Any CPU.ActiveCfg = Debug|Any CPU
		{E8932C55-3B58-4EFB-B1C1-53424891AD51}.Debug|Any CPU.Build.0 = Debug|Any CPU
		{E8932C55-3B58-4EFB-B1C1-53424891AD51}.Release|Any CPU.ActiveCfg = Release|Any CPU
		{E8932C55-3B58-4EFB-B1C1-53424891AD51}.Release|Any CPU.Build.0 = Release|Any CPU
		{84622773-7B03-4AA5-99C3-E2FA133E40AA}.Debug|Any CPU.ActiveCfg = Debug|Any CPU
		{84622773-7B03-4AA5-99C3-E2FA133E40AA}.Debug|Any CPU.Build.0 = Debug|Any CPU
		{84622773-7B03-4AA5-99C3-E2FA133E40AA}.Release|Any CPU.ActiveCfg = Release|Any CPU
		{84622773-7B03-4AA5-99C3-E2FA133E40AA}.Release|Any CPU.Build.0 = Release|Any CPU
		{EE6711BD-F7E6-422E-8307-497033D12ACC}.Debug|Any CPU.ActiveCfg = Debug|Any CPU
		{EE6711BD-F7E6-422E-8307-497033D12ACC}.Debug|Any CPU.Build.0 = Debug|Any CPU
		{EE6711BD-F7E6-422E-8307-497033D12ACC}.Release|Any CPU.ActiveCfg = Release|Any CPU
		{EE6711BD-F7E6-422E-8307-497033D12ACC}.Release|Any CPU.Build.0 = Release|Any CPU
		{71BC05FD-6CDA-4658-9B6F-EB16DAE168FB}.Debug|Any CPU.ActiveCfg = Debug|Any CPU
		{71BC05FD-6CDA-4658-9B6F-EB16DAE168FB}.Debug|Any CPU.Build.0 = Debug|Any CPU
		{71BC05FD-6CDA-4658-9B6F-EB16DAE168FB}.Release|Any CPU.ActiveCfg = Release|Any CPU
		{71BC05FD-6CDA-4658-9B6F-EB16DAE168FB}.Release|Any CPU.Build.0 = Release|Any CPU
	EndGlobalSection
EndGlobal
